<?xml version="1.0" encoding="utf-8"?>
<Project ToolsVersion="4.0" xmlns="http://schemas.microsoft.com/developer/msbuild/2003">
  <ItemGroup>
    <Filter Include="Source Files">
      <UniqueIdentifier>{4FC737F1-C7A5-4376-A066-2A32D752A2FF}</UniqueIdentifier>
      <Extensions>cpp;c;cc;cxx;def;odl;idl;hpj;bat;asm;asmx</Extensions>
    </Filter>
    <Filter Include="Header Files">
      <UniqueIdentifier>{93995380-89BD-4b04-88EB-625FBE52EBFB}</UniqueIdentifier>
      <Extensions>h;hh;hpp;hxx;hm;inl;inc;xsd</Extensions>
    </Filter>
    <Filter Include="Resource Files">
      <UniqueIdentifier>{67DA6AB6-F800-4c08-8B7A-83BB121AAD01}</UniqueIdentifier>
      <Extensions>rc;ico;cur;bmp;dlg;rc2;rct;bin;rgs;gif;jpg;jpeg;jpe;resx;tiff;tif;png;wav;mfcribbon-ms</Extensions>
    </Filter>
  </ItemGroup>
  <ItemGroup>
    <Text Include="ReadMe.txt" />
  </ItemGroup>
  <ItemGroup>
    <ClCompile Include="src\LigumX.cpp">
      <Filter>Source Files</Filter>
    </ClCompile>
    <ClCompile Include="src\stdafx.cpp">
      <Filter>Source Files</Filter>
    </ClCompile>
    <ClCompile Include="src\text.cpp">
      <Filter>Source Files</Filter>
    </ClCompile>
    <ClCompile Include="src\texture.cpp">
      <Filter>Source Files</Filter>
    </ClCompile>
    <ClCompile Include="src\tinyxml2.cpp">
      <Filter>Source Files</Filter>
    </ClCompile>
    <ClCompile Include="src\triangle.cpp">
      <Filter>Source Files</Filter>
    </ClCompile>
    <ClCompile Include="src\tweak_bar.cpp">
      <Filter>Source Files</Filter>
    </ClCompile>
    <ClCompile Include="src\way.cpp">
      <Filter>Source Files</Filter>
    </ClCompile>
    <ClCompile Include="src\world.cpp">
      <Filter>Source Files</Filter>
    </ClCompile>
    <ClCompile Include="src\linesegment.cpp">
      <Filter>Source Files</Filter>
    </ClCompile>
    <ClCompile Include="src\Material.cpp">
      <Filter>Source Files</Filter>
    </ClCompile>
    <ClCompile Include="src\Mesh.cpp">
      <Filter>Source Files</Filter>
    </ClCompile>
    <ClCompile Include="src\Model.cpp">
      <Filter>Source Files</Filter>
    </ClCompile>
    <ClCompile Include="src\node.cpp">
      <Filter>Source Files</Filter>
    </ClCompile>
    <ClCompile Include="src\osm_element.cpp">
      <Filter>Source Files</Filter>
    </ClCompile>
    <ClCompile Include="src\pipelines.cpp">
      <Filter>Source Files</Filter>
    </ClCompile>
    <ClCompile Include="src\program_pipeline.cpp">
      <Filter>Source Files</Filter>
    </ClCompile>
    <ClCompile Include="src\relation.cpp">
      <Filter>Source Files</Filter>
    </ClCompile>
    <ClCompile Include="src\RenderDataManager.cpp">
      <Filter>Source Files</Filter>
    </ClCompile>
    <ClCompile Include="src\renderer.cpp">
      <Filter>Source Files</Filter>
    </ClCompile>
    <ClCompile Include="src\roads.cpp">
      <Filter>Source Files</Filter>
    </ClCompile>
    <ClCompile Include="src\screen_quad.cpp">
      <Filter>Source Files</Filter>
    </ClCompile>
    <ClCompile Include="src\sector.cpp">
      <Filter>Source Files</Filter>
    </ClCompile>
    <ClCompile Include="src\SectorData.cpp">
      <Filter>Source Files</Filter>
    </ClCompile>
    <ClCompile Include="src\SectorManager.cpp">
      <Filter>Source Files</Filter>
    </ClCompile>
    <ClCompile Include="src\SectorMath.cpp">
      <Filter>Source Files</Filter>
    </ClCompile>
    <ClCompile Include="src\Settings.cpp">
      <Filter>Source Files</Filter>
    </ClCompile>
    <ClCompile Include="src\Building.cpp">
      <Filter>Source Files</Filter>
    </ClCompile>
    <ClCompile Include="src\building_sides.cpp">
      <Filter>Source Files</Filter>
    </ClCompile>
    <ClCompile Include="src\callbacks.cpp">
      <Filter>Source Files</Filter>
    </ClCompile>
    <ClCompile Include="src\camera.cpp">
      <Filter>Source Files</Filter>
    </ClCompile>
    <ClCompile Include="src\entity.cpp">
      <Filter>Source Files</Filter>
    </ClCompile>
    <ClCompile Include="src\filled_buildings.cpp">
      <Filter>Source Files</Filter>
    </ClCompile>
    <ClCompile Include="src\heightfield.cpp">
      <Filter>Source Files</Filter>
    </ClCompile>
    <ClCompile Include="src\PerlinNoise.cpp">
      <Filter>Source Files</Filter>
    </ClCompile>
  </ItemGroup>
  <ItemGroup>
    <ClInclude Include="src\LigumX.h">
      <Filter>Header Files</Filter>
    </ClInclude>
    <ClInclude Include="src\stdafx.h">
      <Filter>Header Files</Filter>
    </ClInclude>
    <ClInclude Include="src\world.h">
      <Filter>Header Files</Filter>
    </ClInclude>
    <ClInclude Include="src\targetver.h">
      <Filter>Header Files</Filter>
    </ClInclude>
    <ClInclude Include="src\texture.h">
      <Filter>Header Files</Filter>
    </ClInclude>
    <ClInclude Include="src\tinyxml2.h">
      <Filter>Header Files</Filter>
    </ClInclude>
    <ClInclude Include="src\triangle.h">
      <Filter>Header Files</Filter>
    </ClInclude>
    <ClInclude Include="src\vec2i.h">
      <Filter>Header Files</Filter>
    </ClInclude>
    <ClInclude Include="src\way.h">
      <Filter>Header Files</Filter>
    </ClInclude>
    <ClInclude Include="src\Settings.h">
      <Filter>Header Files</Filter>
    </ClInclude>
    <ClInclude Include="src\linesegment.h">
      <Filter>Header Files</Filter>
    </ClInclude>
    <ClInclude Include="src\Logging.h">
      <Filter>Header Files</Filter>
    </ClInclude>
    <ClInclude Include="src\Material.h">
      <Filter>Header Files</Filter>
    </ClInclude>
    <ClInclude Include="src\Math.h">
      <Filter>Header Files</Filter>
    </ClInclude>
    <ClInclude Include="src\Mesh.h">
      <Filter>Header Files</Filter>
    </ClInclude>
    <ClInclude Include="src\Model.h">
      <Filter>Header Files</Filter>
    </ClInclude>
    <ClInclude Include="src\node.h">
      <Filter>Header Files</Filter>
    </ClInclude>
    <ClInclude Include="src\osm_element.h">
      <Filter>Header Files</Filter>
    </ClInclude>
    <ClInclude Include="src\program_pipeline.h">
      <Filter>Header Files</Filter>
    </ClInclude>
    <ClInclude Include="src\relation.h">
      <Filter>Header Files</Filter>
    </ClInclude>
    <ClInclude Include="src\RenderDataManager.h">
      <Filter>Header Files</Filter>
    </ClInclude>
    <ClInclude Include="src\renderer.h">
      <Filter>Header Files</Filter>
    </ClInclude>
    <ClInclude Include="src\sector.h">
      <Filter>Header Files</Filter>
    </ClInclude>
    <ClInclude Include="src\SectorData.h">
      <Filter>Header Files</Filter>
    </ClInclude>
    <ClInclude Include="src\SectorManager.h">
      <Filter>Header Files</Filter>
    </ClInclude>
    <ClInclude Include="src\SectorMath.h">
      <Filter>Header Files</Filter>
    </ClInclude>
    <ClInclude Include="src\heightfield.h">
      <Filter>Header Files</Filter>
    </ClInclude>
    <ClInclude Include="src\Building.h">
      <Filter>Header Files</Filter>
    </ClInclude>
    <ClInclude Include="src\common.h">
      <Filter>Header Files</Filter>
    </ClInclude>
    <ClInclude Include="src\CurlRequest.h">
      <Filter>Header Files</Filter>
    </ClInclude>
    <ClInclude Include="src\entity.h">
      <Filter>Header Files</Filter>
    </ClInclude>
    <ClInclude Include="include\Building.h">
      <Filter>Header Files</Filter>
    </ClInclude>
    <ClInclude Include="include\camera.h">
      <Filter>Header Files</Filter>
    </ClInclude>
    <ClInclude Include="include\common.h">
      <Filter>Header Files</Filter>
    </ClInclude>
    <ClInclude Include="include\CurlRequest.h">
      <Filter>Header Files</Filter>
    </ClInclude>
    <ClInclude Include="include\entity.h">
      <Filter>Header Files</Filter>
    </ClInclude>
    <ClInclude Include="include\heightfield.h">
      <Filter>Header Files</Filter>
    </ClInclude>
    <ClInclude Include="include\LigumX.h">
      <Filter>Header Files</Filter>
    </ClInclude>
    <ClInclude Include="include\linesegment.h">
      <Filter>Header Files</Filter>
    </ClInclude>
    <ClInclude Include="include\Logging.h">
      <Filter>Header Files</Filter>
    </ClInclude>
    <ClInclude Include="include\Material.h">
      <Filter>Header Files</Filter>
    </ClInclude>
    <ClInclude Include="include\Math.h">
      <Filter>Header Files</Filter>
    </ClInclude>
    <ClInclude Include="include\Mesh.h">
      <Filter>Header Files</Filter>
    </ClInclude>
    <ClInclude Include="include\Model.h">
      <Filter>Header Files</Filter>
    </ClInclude>
    <ClInclude Include="include\node.h">
      <Filter>Header Files</Filter>
    </ClInclude>
    <ClInclude Include="include\osm_element.h">
      <Filter>Header Files</Filter>
    </ClInclude>
    <ClInclude Include="include\program_pipeline.h">
      <Filter>Header Files</Filter>
    </ClInclude>
    <ClInclude Include="include\relation.h">
      <Filter>Header Files</Filter>
    </ClInclude>
    <ClInclude Include="include\RenderDataManager.h">
      <Filter>Header Files</Filter>
    </ClInclude>
    <ClInclude Include="include\renderer.h">
      <Filter>Header Files</Filter>
    </ClInclude>
    <ClInclude Include="include\sector.h">
      <Filter>Header Files</Filter>
    </ClInclude>
    <ClInclude Include="include\SectorData.h">
      <Filter>Header Files</Filter>
    </ClInclude>
    <ClInclude Include="include\SectorManager.h">
      <Filter>Header Files</Filter>
    </ClInclude>
    <ClInclude Include="include\SectorMath.h">
      <Filter>Header Files</Filter>
    </ClInclude>
    <ClInclude Include="include\Settings.h">
      <Filter>Header Files</Filter>
    </ClInclude>
    <ClInclude Include="include\stdafx.h">
      <Filter>Header Files</Filter>
    </ClInclude>
    <ClInclude Include="include\targetver.h">
      <Filter>Header Files</Filter>
    </ClInclude>
    <ClInclude Include="include\texture.h">
      <Filter>Header Files</Filter>
    </ClInclude>
    <ClInclude Include="include\tinyxml2.h">
      <Filter>Header Files</Filter>
    </ClInclude>
    <ClInclude Include="include\triangle.h">
      <Filter>Header Files</Filter>
    </ClInclude>
    <ClInclude Include="include\V3SectorTracker.h">
      <Filter>Header Files</Filter>
    </ClInclude>
    <ClInclude Include="include\vec2i.h">
      <Filter>Header Files</Filter>
    </ClInclude>
    <ClInclude Include="include\way.h">
      <Filter>Header Files</Filter>
    </ClInclude>
    <ClInclude Include="include\world.h">
      <Filter>Header Files</Filter>
    </ClInclude>
    <ClInclude Include="src\camera.h">
      <Filter>Header Files</Filter>
    </ClInclude>
    <ClInclude Include="src\PerlinNoise.h">
      <Filter>Header Files</Filter>
    </ClInclude>
  </ItemGroup>
  <ItemGroup>
    <None Include="data\shaders\BasicUV\control.tcs" />
    <None Include="data\shaders\BasicUV\evaluation.tes" />
  </ItemGroup>
</Project>